
Microsoft Visual Studio Solution File, Format Version 12.00
# Visual Studio Version 16
VisualStudioVersion = 16.0.30503.244
MinimumVisualStudioVersion = 10.0.40219.1
Project("{FAE04EC0-301F-11D3-BF4B-00C04F79EFBC}") = "FirstApp.UWP", "FirstApp.UWP\FirstApp.UWP.csproj", "{122E78DB-4494-4B32-9207-38C80710FA02}"
EndProject
Project("{FAE04EC0-301F-11D3-BF4B-00C04F79EFBC}") = "FirstApp.Android", "FirstApp.Android\FirstApp.Android.csproj", "{85EC2843-E30E-4ADD-955A-ED99CDE793BA}"
EndProject
Project("{FAE04EC0-301F-11D3-BF4B-00C04F79EFBC}") = "FirstApp.iOS", "FirstApp.iOS\FirstApp.iOS.csproj", "{8AAD7F67-4C26-41DF-887C-C4187ACD8D10}"
EndProject
Project("{FAE04EC0-301F-11D3-BF4B-00C04F79EFBC}") = "FirstApp", "FirstApp\FirstApp.csproj", "{38077529-9F14-41F0-ADA2-8429A5A48698}"
EndProject
Global
	GlobalSection(SolutionConfigurationPlatforms) = preSolution
		Debug|Any CPU = Debug|Any CPU
		Debug|ARM = Debug|ARM
		Debug|iPhone = Debug|iPhone
		Debug|iPhoneSimulator = Debug|iPhoneSimulator
		Debug|x64 = Debug|x64
		Debug|x86 = Debug|x86
		Release|Any CPU = Release|Any CPU
		Release|ARM = Release|ARM
		Release|iPhone = Release|iPhone
		Release|iPhoneSimulator = Release|iPhoneSimulator
		Release|x64 = Release|x64
		Release|x86 = Release|x86
	EndGlobalSection
	GlobalSection(ProjectConfigurationPlatforms) = postSolution
		{122E78DB-4494-4B32-9207-38C80710FA02}.Debug|Any CPU.ActiveCfg = Debug|x86
		{122E78DB-4494-4B32-9207-38C80710FA02}.Debug|Any CPU.Build.0 = Debug|x86
		{122E78DB-4494-4B32-9207-38C80710FA02}.Debug|Any CPU.Deploy.0 = Debug|x86
		{122E78DB-4494-4B32-9207-38C80710FA02}.Debug|ARM.ActiveCfg = Debug|ARM
		{122E78DB-4494-4B32-9207-38C80710FA02}.Debug|ARM.Build.0 = Debug|ARM
		{122E78DB-4494-4B32-9207-38C80710FA02}.Debug|ARM.Deploy.0 = Debug|ARM
		{122E78DB-4494-4B32-9207-38C80710FA02}.Debug|iPhone.ActiveCfg = Debug|x86
		{122E78DB-4494-4B32-9207-38C80710FA02}.Debug|iPhone.Build.0 = Debug|x86
		{122E78DB-4494-4B32-9207-38C80710FA02}.Debug|iPhone.Deploy.0 = Debug|x86
		{122E78DB-4494-4B32-9207-38C80710FA02}.Debug|iPhoneSimulator.ActiveCfg = Debug|x86
		{122E78DB-4494-4B32-9207-38C80710FA02}.Debug|iPhoneSimulator.Build.0 = Debug|x86
		{122E78DB-4494-4B32-9207-38C80710FA02}.Debug|iPhoneSimulator.Deploy.0 = Debug|x86
		{122E78DB-4494-4B32-9207-38C80710FA02}.Debug|x64.ActiveCfg = Debug|x64
		{122E78DB-4494-4B32-9207-38C80710FA02}.Debug|x64.Build.0 = Debug|x64
		{122E78DB-4494-4B32-9207-38C80710FA02}.Debug|x64.Deploy.0 = Debug|x64
		{122E78DB-4494-4B32-9207-38C80710FA02}.Debug|x86.ActiveCfg = Debug|x86
		{122E78DB-4494-4B32-9207-38C80710FA02}.Debug|x86.Build.0 = Debug|x86
		{122E78DB-4494-4B32-9207-38C80710FA02}.Debug|x86.Deploy.0 = Debug|x86
		{122E78DB-4494-4B32-9207-38C80710FA02}.Release|Any CPU.ActiveCfg = Release|x86
		{122E78DB-4494-4B32-9207-38C80710FA02}.Release|Any CPU.Build.0 = Release|x86
		{122E78DB-4494-4B32-9207-38C80710FA02}.Release|Any CPU.Deploy.0 = Release|x86
		{122E78DB-4494-4B32-9207-38C80710FA02}.Release|ARM.ActiveCfg = Release|ARM
		{122E78DB-4494-4B32-9207-38C80710FA02}.Release|ARM.Build.0 = Release|ARM
		{122E78DB-4494-4B32-9207-38C80710FA02}.Release|ARM.Deploy.0 = Release|ARM
		{122E78DB-4494-4B32-9207-38C80710FA02}.Release|iPhone.ActiveCfg = Release|x86
		{122E78DB-4494-4B32-9207-38C80710FA02}.Release|iPhone.Build.0 = Release|x86
		{122E78DB-4494-4B32-9207-38C80710FA02}.Release|iPhone.Deploy.0 = Release|x86
		{122E78DB-4494-4B32-9207-38C80710FA02}.Release|iPhoneSimulator.ActiveCfg = Release|x86
		{122E78DB-4494-4B32-9207-38C80710FA02}.Release|iPhoneSimulator.Build.0 = Release|x86
		{122E78DB-4494-4B32-9207-38C80710FA02}.Release|iPhoneSimulator.Deploy.0 = Release|x86
		{122E78DB-4494-4B32-9207-38C80710FA02}.Release|x64.ActiveCfg = Release|x64
		{122E78DB-4494-4B32-9207-38C80710FA02}.Release|x64.Build.0 = Release|x64
		{122E78DB-4494-4B32-9207-38C80710FA02}.Release|x64.Deploy.0 = Release|x64
		{122E78DB-4494-4B32-9207-38C80710FA02}.Release|x86.ActiveCfg = Release|x86
		{122E78DB-4494-4B32-9207-38C80710FA02}.Release|x86.Build.0 = Release|x86
		{122E78DB-4494-4B32-9207-38C80710FA02}.Release|x86.Deploy.0 = Release|x86
		{85EC2843-E30E-4ADD-955A-ED99CDE793BA}.Debug|Any CPU.ActiveCfg = Debug|Any CPU
		{85EC2843-E30E-4ADD-955A-ED99CDE793BA}.Debug|Any CPU.Build.0 = Debug|Any CPU
		{85EC2843-E30E-4ADD-955A-ED99CDE793BA}.Debug|Any CPU.Deploy.0 = Debug|Any CPU
		{85EC2843-E30E-4ADD-955A-ED99CDE793BA}.Debug|ARM.ActiveCfg = Debug|Any CPU
		{85EC2843-E30E-4ADD-955A-ED99CDE793BA}.Debug|ARM.Build.0 = Debug|Any CPU
		{85EC2843-E30E-4ADD-955A-ED99CDE793BA}.Debug|ARM.Deploy.0 = Debug|Any CPU
		{85EC2843-E30E-4ADD-955A-ED99CDE793BA}.Debug|iPhone.ActiveCfg = Debug|Any CPU
		{85EC2843-E30E-4ADD-955A-ED99CDE793BA}.Debug|iPhone.Build.0 = Debug|Any CPU
		{85EC2843-E30E-4ADD-955A-ED99CDE793BA}.Debug|iPhone.Deploy.0 = Debug|Any CPU
		{85EC2843-E30E-4ADD-955A-ED99CDE793BA}.Debug|iPhoneSimulator.ActiveCfg = Debug|Any CPU
		{85EC2843-E30E-4ADD-955A-ED99CDE793BA}.Debug|iPhoneSimulator.Build.0 = Debug|Any CPU
		{85EC2843-E30E-4ADD-955A-ED99CDE793BA}.Debug|iPhoneSimulator.Deploy.0 = Debug|Any CPU
		{85EC2843-E30E-4ADD-955A-ED99CDE793BA}.Debug|x64.ActiveCfg = Debug|Any CPU
		{85EC2843-E30E-4ADD-955A-ED99CDE793BA}.Debug|x64.Build.0 = Debug|Any CPU
		{85EC2843-E30E-4ADD-955A-ED99CDE793BA}.Debug|x64.Deploy.0 = Debug|Any CPU
		{85EC2843-E30E-4ADD-955A-ED99CDE793BA}.Debug|x86.ActiveCfg = Debug|Any CPU
		{85EC2843-E30E-4ADD-955A-ED99CDE793BA}.Debug|x86.Build.0 = Debug|Any CPU
		{85EC2843-E30E-4ADD-955A-ED99CDE793BA}.Debug|x86.Deploy.0 = Debug|Any CPU
		{85EC2843-E30E-4ADD-955A-ED99CDE793BA}.Release|Any CPU.ActiveCfg = Release|Any CPU
		{85EC2843-E30E-4ADD-955A-ED99CDE793BA}.Release|Any CPU.Build.0 = Release|Any CPU
		{85EC2843-E30E-4ADD-955A-ED99CDE793BA}.Release|Any CPU.Deploy.0 = Release|Any CPU
		{85EC2843-E30E-4ADD-955A-ED99CDE793BA}.Release|ARM.ActiveCfg = Release|Any CPU
		{85EC2843-E30E-4ADD-955A-ED99CDE793BA}.Release|ARM.Build.0 = Release|Any CPU
		{85EC2843-E30E-4ADD-955A-ED99CDE793BA}.Release|ARM.Deploy.0 = Release|Any CPU
		{85EC2843-E30E-4ADD-955A-ED99CDE793BA}.Release|iPhone.ActiveCfg = Release|Any CPU
		{85EC2843-E30E-4ADD-955A-ED99CDE793BA}.Release|iPhone.Build.0 = Release|Any CPU
		{85EC2843-E30E-4ADD-955A-ED99CDE793BA}.Release|iPhone.Deploy.0 = Release|Any CPU
		{85EC2843-E30E-4ADD-955A-ED99CDE793BA}.Release|iPhoneSimulator.ActiveCfg = Release|Any CPU
		{85EC2843-E30E-4ADD-955A-ED99CDE793BA}.Release|iPhoneSimulator.Build.0 = Release|Any CPU
		{85EC2843-E30E-4ADD-955A-ED99CDE793BA}.Release|iPhoneSimulator.Deploy.0 = Release|Any CPU
		{85EC2843-E30E-4ADD-955A-ED99CDE793BA}.Release|x64.ActiveCfg = Release|Any CPU
		{85EC2843-E30E-4ADD-955A-ED99CDE793BA}.Release|x64.Build.0 = Release|Any CPU
		{85EC2843-E30E-4ADD-955A-ED99CDE793BA}.Release|x64.Deploy.0 = Release|Any CPU
		{85EC2843-E30E-4ADD-955A-ED99CDE793BA}.Release|x86.ActiveCfg = Release|Any CPU
		{85EC2843-E30E-4ADD-955A-ED99CDE793BA}.Release|x86.Build.0 = Release|Any CPU
		{85EC2843-E30E-4ADD-955A-ED99CDE793BA}.Release|x86.Deploy.0 = Release|Any CPU
		{8AAD7F67-4C26-41DF-887C-C4187ACD8D10}.Debug|Any CPU.ActiveCfg = Debug|iPhoneSimulator
		{8AAD7F67-4C26-41DF-887C-C4187ACD8D10}.Debug|Any CPU.Build.0 = Debug|iPhoneSimulator
		{8AAD7F67-4C26-41DF-887C-C4187ACD8D10}.Debug|Any CPU.Deploy.0 = Debug|iPhoneSimulator
		{8AAD7F67-4C26-41DF-887C-C4187ACD8D10}.Debug|ARM.ActiveCfg = Debug|iPhone
		{8AAD7F67-4C26-41DF-887C-C4187ACD8D10}.Debug|ARM.Build.0 = Debug|iPhone
		{8AAD7F67-4C26-41DF-887C-C4187ACD8D10}.Debug|ARM.Deploy.0 = Debug|iPhone
		{8AAD7F67-4C26-41DF-887C-C4187ACD8D10}.Debug|iPhone.ActiveCfg = Debug|iPhone
		{8AAD7F67-4C26-41DF-887C-C4187ACD8D10}.Debug|iPhone.Build.0 = Debug|iPhone
		{8AAD7F67-4C26-41DF-887C-C4187ACD8D10}.Debug|iPhone.Deploy.0 = Debug|iPhone
		{8AAD7F67-4C26-41DF-887C-C4187ACD8D10}.Debug|iPhoneSimulator.ActiveCfg = Debug|iPhoneSimulator
		{8AAD7F67-4C26-41DF-887C-C4187ACD8D10}.Debug|iPhoneSimulator.Build.0 = Debug|iPhoneSimulator
		{8AAD7F67-4C26-41DF-887C-C4187ACD8D10}.Debug|iPhoneSimulator.Deploy.0 = Debug|iPhoneSimulator
		{8AAD7F67-4C26-41DF-887C-C4187ACD8D10}.Debug|x64.ActiveCfg = Debug|iPhoneSimulator
		{8AAD7F67-4C26-41DF-887C-C4187ACD8D10}.Debug|x64.Build.0 = Debug|iPhoneSimulator
		{8AAD7F67-4C26-41DF-887C-C4187ACD8D10}.Debug|x64.Deploy.0 = Debug|iPhoneSimulator
		{8AAD7F67-4C26-41DF-887C-C4187ACD8D10}.Debug|x86.ActiveCfg = Debug|iPhoneSimulator
		{8AAD7F67-4C26-41DF-887C-C4187ACD8D10}.Debug|x86.Build.0 = Debug|iPhoneSimulator
		{8AAD7F67-4C26-41DF-887C-C4187ACD8D10}.Debug|x86.Deploy.0 = Debug|iPhoneSimulator
		{8AAD7F67-4C26-41DF-887C-C4187ACD8D10}.Release|Any CPU.ActiveCfg = Release|iPhoneSimulator
		{8AAD7F67-4C26-41DF-887C-C4187ACD8D10}.Release|Any CPU.Build.0 = Release|iPhoneSimulator
		{8AAD7F67-4C26-41DF-887C-C4187ACD8D10}.Release|Any CPU.Deploy.0 = Release|iPhoneSimulator
		{8AAD7F67-4C26-41DF-887C-C4187ACD8D10}.Release|ARM.ActiveCfg = Release|iPhoneSimulator
		{8AAD7F67-4C26-41DF-887C-C4187ACD8D10}.Release|ARM.Build.0 = Release|iPhoneSimulator
		{8AAD7F67-4C26-41DF-887C-C4187ACD8D10}.Release|ARM.Deploy.0 = Release|iPhoneSimulator
		{8AAD7F67-4C26-41DF-887C-C4187ACD8D10}.Release|iPhone.ActiveCfg = Release|iPhone
		{8AAD7F67-4C26-41DF-887C-C4187ACD8D10}.Release|iPhone.Build.0 = Release|iPhone
		{8AAD7F67-4C26-41DF-887C-C4187ACD8D10}.Release|iPhone.Deploy.0 = Release|iPhone
		{8AAD7F67-4C26-41DF-887C-C4187ACD8D10}.Release|iPhoneSimulator.ActiveCfg = Release|iPhoneSimulator
		{8AAD7F67-4C26-41DF-887C-C4187ACD8D10}.Release|iPhoneSimulator.Build.0 = Release|iPhoneSimulator
		{8AAD7F67-4C26-41DF-887C-C4187ACD8D10}.Release|iPhoneSimulator.Deploy.0 = Release|iPhoneSimulator
		{8AAD7F67-4C26-41DF-887C-C4187ACD8D10}.Release|x64.ActiveCfg = Release|iPhoneSimulator
		{8AAD7F67-4C26-41DF-887C-C4187ACD8D10}.Release|x64.Build.0 = Release|iPhoneSimulator
		{8AAD7F67-4C26-41DF-887C-C4187ACD8D10}.Release|x64.Deploy.0 = Release|iPhoneSimulator
		{8AAD7F67-4C26-41DF-887C-C4187ACD8D10}.Release|x86.ActiveCfg = Release|iPhoneSimulator
		{8AAD7F67-4C26-41DF-887C-C4187ACD8D10}.Release|x86.Build.0 = Release|iPhoneSimulator
		{8AAD7F67-4C26-41DF-887C-C4187ACD8D10}.Release|x86.Deploy.0 = Release|iPhoneSimulator
		{38077529-9F14-41F0-ADA2-8429A5A48698}.Debug|Any CPU.ActiveCfg = Debug|Any CPU
		{38077529-9F14-41F0-ADA2-8429A5A48698}.Debug|Any CPU.Build.0 = Debug|Any CPU
		{38077529-9F14-41F0-ADA2-8429A5A48698}.Debug|Any CPU.Deploy.0 = Debug|Any CPU
		{38077529-9F14-41F0-ADA2-8429A5A48698}.Debug|ARM.ActiveCfg = Debug|Any CPU
		{38077529-9F14-41F0-ADA2-8429A5A48698}.Debug|ARM.Build.0 = Debug|Any CPU
		{38077529-9F14-41F0-ADA2-8429A5A48698}.Debug|ARM.Deploy.0 = Debug|Any CPU
		{38077529-9F14-41F0-ADA2-8429A5A48698}.Debug|iPhone.ActiveCfg = Debug|Any CPU
		{38077529-9F14-41F0-ADA2-8429A5A48698}.Debug|iPhone.Build.0 = Debug|Any CPU
		{38077529-9F14-41F0-ADA2-8429A5A48698}.Debug|iPhone.Deploy.0 = Debug|Any CPU
		{38077529-9F14-41F0-ADA2-8429A5A48698}.Debug|iPhoneSimulator.ActiveCfg = Debug|Any CPU
		{38077529-9F14-41F0-ADA2-8429A5A48698}.Debug|iPhoneSimulator.Build.0 = Debug|Any CPU
		{38077529-9F14-41F0-ADA2-8429A5A48698}.Debug|iPhoneSimulator.Deploy.0 = Debug|Any CPU
		{38077529-9F14-41F0-ADA2-8429A5A48698}.Debug|x64.ActiveCfg = Debug|Any CPU
		{38077529-9F14-41F0-ADA2-8429A5A48698}.Debug|x64.Build.0 = Debug|Any CPU
		{38077529-9F14-41F0-ADA2-8429A5A48698}.Debug|x64.Deploy.0 = Debug|Any CPU
		{38077529-9F14-41F0-ADA2-8429A5A48698}.Debug|x86.ActiveCfg = Debug|Any CPU
		{38077529-9F14-41F0-ADA2-8429A5A48698}.Debug|x86.Build.0 = Debug|Any CPU
		{38077529-9F14-41F0-ADA2-8429A5A48698}.Debug|x86.Deploy.0 = Debug|Any CPU
		{38077529-9F14-41F0-ADA2-8429A5A48698}.Release|Any CPU.ActiveCfg = Release|Any CPU
		{38077529-9F14-41F0-ADA2-8429A5A48698}.Release|Any CPU.Build.0 = Release|Any CPU
		{38077529-9F14-41F0-ADA2-8429A5A48698}.Release|Any CPU.Deploy.0 = Release|Any CPU
		{38077529-9F14-41F0-ADA2-8429A5A48698}.Release|ARM.ActiveCfg = Release|Any CPU
		{38077529-9F14-41F0-ADA2-8429A5A48698}.Release|ARM.Build.0 = Release|Any CPU
		{38077529-9F14-41F0-ADA2-8429A5A48698}.Release|ARM.Deploy.0 = Release|Any CPU
		{38077529-9F14-41F0-ADA2-8429A5A48698}.Release|iPhone.ActiveCfg = Release|Any CPU
		{38077529-9F14-41F0-ADA2-8429A5A48698}.Release|iPhone.Build.0 = Release|Any CPU
		{38077529-9F14-41F0-ADA2-8429A5A48698}.Release|iPhone.Deploy.0 = Release|Any CPU
		{38077529-9F14-41F0-ADA2-8429A5A48698}.Release|iPhoneSimulator.ActiveCfg = Release|Any CPU
		{38077529-9F14-41F0-ADA2-8429A5A48698}.Release|iPhoneSimulator.Build.0 = Release|Any CPU
		{38077529-9F14-41F0-ADA2-8429A5A48698}.Release|iPhoneSimulator.Deploy.0 = Release|Any CPU
		{38077529-9F14-41F0-ADA2-8429A5A48698}.Release|x64.ActiveCfg = Release|Any CPU
		{38077529-9F14-41F0-ADA2-8429A5A48698}.Release|x64.Build.0 = Release|Any CPU
		{38077529-9F14-41F0-ADA2-8429A5A48698}.Release|x64.Deploy.0 = Release|Any CPU
		{38077529-9F14-41F0-ADA2-8429A5A48698}.Release|x86.ActiveCfg = Release|Any CPU
		{38077529-9F14-41F0-ADA2-8429A5A48698}.Release|x86.Build.0 = Release|Any CPU
		{38077529-9F14-41F0-ADA2-8429A5A48698}.Release|x86.Deploy.0 = Release|Any CPU
	EndGlobalSection
	GlobalSection(SolutionProperties) = preSolution
		HideSolutionNode = FALSE
	EndGlobalSection
	GlobalSection(ExtensibilityGlobals) = postSolution
		SolutionGuid = {4D0A03F6-A1DD-42B8-A507-ADF1B079BB2D}
	EndGlobalSection
EndGlobal
